
Microsoft Visual Studio Solution File, Format Version 12.00
# Visual Studio Version 16
VisualStudioVersion = 16.0.29503.13
MinimumVisualStudioVersion = 10.0.40219.1
Project("{FAE04EC0-301F-11D3-BF4B-00C04F79EFBC}") = "CsharpeFunamentals", "CsharpeFunamentals\CsharpeFunamentals.csproj", "{D8CEAA58-EF9D-4F9F-AE29-4D483590C953}"
EndProject
Global
	GlobalSection(SolutionConfigurationPlatforms) = preSolution
		Debug|Any CPU = Debug|Any CPU
		Release|Any CPU = Release|Any CPU
	EndGlobalSection
	GlobalSection(ProjectConfigurationPlatforms) = postSolution
		{D8CEAA58-EF9D-4F9F-AE29-4D483590C953}.Debug|Any CPU.ActiveCfg = Debug|Any CPU
		{D8CEAA58-EF9D-4F9F-AE29-4D483590C953}.Debug|Any CPU.Build.0 = Debug|Any CPU
		{D8CEAA58-EF9D-4F9F-AE29-4D483590C953}.Release|Any CPU.ActiveCfg = Release|Any CPU
		{D8CEAA58-EF9D-4F9F-AE29-4D483590C953}.Release|Any CPU.Build.0 = Release|Any CPU
	EndGlobalSection
	GlobalSection(SolutionProperties) = preSolution
		HideSolutionNode = FALSE
	EndGlobalSection
	GlobalSection(ExtensibilityGlobals) = postSolution
		SolutionGuid = {5767D429-1F73-4500-927C-E645E865A110}
	EndGlobalSection
EndGlobal
